
Microsoft Visual Studio Solution File, Format Version 12.00
# Visual Studio Version 17
VisualStudioVersion = 17.0.31903.59
MinimumVisualStudioVersion = 10.0.40219.1
Project("{FAE04EC0-301F-11D3-BF4B-00C04F79EFBC}") = "OrderService", "OrderService\OrderService.csproj", "{F912D375-605F-432B-9C61-4C5A9EF01FD3}"
EndProject
Project("{FAE04EC0-301F-11D3-BF4B-00C04F79EFBC}") = "PaymentService", "PaymentService\PaymentService.csproj", "{0F3003F3-1485-4334-8FEE-871DF68015F9}"
EndProject
Global
	GlobalSection(SolutionConfigurationPlatforms) = preSolution
		Debug|Any CPU = Debug|Any CPU
		Debug|x64 = Debug|x64
		Debug|x86 = Debug|x86
		Release|Any CPU = Release|Any CPU
		Release|x64 = Release|x64
		Release|x86 = Release|x86
	EndGlobalSection
	GlobalSection(ProjectConfigurationPlatforms) = postSolution
		{F912D375-605F-432B-9C61-4C5A9EF01FD3}.Debug|Any CPU.ActiveCfg = Debug|Any CPU
		{F912D375-605F-432B-9C61-4C5A9EF01FD3}.Debug|Any CPU.Build.0 = Debug|Any CPU
		{F912D375-605F-432B-9C61-4C5A9EF01FD3}.Debug|x64.ActiveCfg = Debug|Any CPU
		{F912D375-605F-432B-9C61-4C5A9EF01FD3}.Debug|x64.Build.0 = Debug|Any CPU
		{F912D375-605F-432B-9C61-4C5A9EF01FD3}.Debug|x86.ActiveCfg = Debug|Any CPU
		{F912D375-605F-432B-9C61-4C5A9EF01FD3}.Debug|x86.Build.0 = Debug|Any CPU
		{F912D375-605F-432B-9C61-4C5A9EF01FD3}.Release|Any CPU.ActiveCfg = Release|Any CPU
		{F912D375-605F-432B-9C61-4C5A9EF01FD3}.Release|Any CPU.Build.0 = Release|Any CPU
		{F912D375-605F-432B-9C61-4C5A9EF01FD3}.Release|x64.ActiveCfg = Release|Any CPU
		{F912D375-605F-432B-9C61-4C5A9EF01FD3}.Release|x64.Build.0 = Release|Any CPU
		{F912D375-605F-432B-9C61-4C5A9EF01FD3}.Release|x86.ActiveCfg = Release|Any CPU
		{F912D375-605F-432B-9C61-4C5A9EF01FD3}.Release|x86.Build.0 = Release|Any CPU
		{0F3003F3-1485-4334-8FEE-871DF68015F9}.Debug|Any CPU.ActiveCfg = Debug|Any CPU
		{0F3003F3-1485-4334-8FEE-871DF68015F9}.Debug|Any CPU.Build.0 = Debug|Any CPU
		{0F3003F3-1485-4334-8FEE-871DF68015F9}.Debug|x64.ActiveCfg = Debug|Any CPU
		{0F3003F3-1485-4334-8FEE-871DF68015F9}.Debug|x64.Build.0 = Debug|Any CPU
		{0F3003F3-1485-4334-8FEE-871DF68015F9}.Debug|x86.ActiveCfg = Debug|Any CPU
		{0F3003F3-1485-4334-8FEE-871DF68015F9}.Debug|x86.Build.0 = Debug|Any CPU
		{0F3003F3-1485-4334-8FEE-871DF68015F9}.Release|Any CPU.ActiveCfg = Release|Any CPU
		{0F3003F3-1485-4334-8FEE-871DF68015F9}.Release|Any CPU.Build.0 = Release|Any CPU
		{0F3003F3-1485-4334-8FEE-871DF68015F9}.Release|x64.ActiveCfg = Release|Any CPU
		{0F3003F3-1485-4334-8FEE-871DF68015F9}.Release|x64.Build.0 = Release|Any CPU
		{0F3003F3-1485-4334-8FEE-871DF68015F9}.Release|x86.ActiveCfg = Release|Any CPU
		{0F3003F3-1485-4334-8FEE-871DF68015F9}.Release|x86.Build.0 = Release|Any CPU
	EndGlobalSection
	GlobalSection(SolutionProperties) = preSolution
		HideSolutionNode = FALSE
	EndGlobalSection
EndGlobal
